
Microsoft Visual Studio Solution File, Format Version 12.00
# Visual Studio Version 16
VisualStudioVersion = 16.0.30517.126
MinimumVisualStudioVersion = 10.0.40219.1
Project("{FAE04EC0-301F-11D3-BF4B-00C04F79EFBC}") = "Musical_Instrument_Store", "Musical_Instrument_Store.csproj", "{FA9FBEE5-1A12-4E42-9BBB-A031B594BD4E}"
EndProject
Global
	GlobalSection(SolutionConfigurationPlatforms) = preSolution
		Debug|Any CPU = Debug|Any CPU
		Release|Any CPU = Release|Any CPU
	EndGlobalSection
	GlobalSection(ProjectConfigurationPlatforms) = postSolution
		{FA9FBEE5-1A12-4E42-9BBB-A031B594BD4E}.Debug|Any CPU.ActiveCfg = Debug|Any CPU
		{FA9FBEE5-1A12-4E42-9BBB-A031B594BD4E}.Debug|Any CPU.Build.0 = Debug|Any CPU
		{FA9FBEE5-1A12-4E42-9BBB-A031B594BD4E}.Release|Any CPU.ActiveCfg = Release|Any CPU
		{FA9FBEE5-1A12-4E42-9BBB-A031B594BD4E}.Release|Any CPU.Build.0 = Release|Any CPU
	EndGlobalSection
	GlobalSection(SolutionProperties) = preSolution
		HideSolutionNode = FALSE
	EndGlobalSection
	GlobalSection(ExtensibilityGlobals) = postSolution
		SolutionGuid = {45B66580-20BD-4B65-8F3C-8BF3AC643018}
	EndGlobalSection
EndGlobal
